PODS:
  - Realm (3.0.2):
    - Realm/Headers (= 3.0.2)
  - Realm/Headers (3.0.2)
  - RealmLoginKit (0.1.3):
    - Realm
    - RealmLoginKit/Core (= 0.1.3)
    - TORoundedTableView
  - RealmLoginKit/Core (0.1.3):
    - Realm
    - TORoundedTableView
  - RealmSwift (3.0.2):
    - Realm (= 3.0.2)
  - TORoundedTableView (0.1.3)

DEPENDENCIES:
  - RealmLoginKit
  - RealmSwift

SPEC CHECKSUMS:
  Realm: 6f23fd1f178a09342eac21bfa7c2bf4312a7a180
  RealmLoginKit: 646d412bb28b8319235fb48e54ed6d6e57b98e17
  RealmSwift: 695393add1b8f9d5fa75dd16e6355cf3935f71e2
  TORoundedTableView: cd1437ef81ab3888dea8c06d2dfe4795bcaac768

PODFILE CHECKSUM: db157b07da50eeda55cbbd9cb6af765a49e6139c

COCOAPODS: 1.3.1
