PODS:
  - Realm (2.10.1):
    - Realm/Headers (= 2.10.1)
  - Realm/Headers (2.10.1)
  - RealmLoginKit (0.1.3):
    - Realm
    - RealmLoginKit/Core (= 0.1.3)
    - TORoundedTableView
  - RealmLoginKit/Core (0.1.3):
    - Realm
    - TORoundedTableView
  - TORoundedTableView (0.1.3)

DEPENDENCIES:
  - Realm (= 2.10.1)
  - RealmLoginKit

SPEC CHECKSUMS:
  Realm: fc7a317a5c2c9ba91f5f235ede4e2ea76e9eba0c
  RealmLoginKit: 646d412bb28b8319235fb48e54ed6d6e57b98e17
  TORoundedTableView: cd1437ef81ab3888dea8c06d2dfe4795bcaac768

PODFILE CHECKSUM: d08935dc963887360981181caf9fbfa48d4a46e8

COCOAPODS: 1.3.1
