PODS:
  - Realm (2.4.4):
    - Realm/Headers (= 2.4.4)
  - Realm/Headers (2.4.4)
  - RealmLoginKit (0.0.7):
    - Realm
    - TORoundedTableView
  - TORoundedTableView (0.0.3)

DEPENDENCIES:
  - Realm
  - RealmLoginKit

SPEC CHECKSUMS:
  Realm: 5a280a1f5a9a3c267bebf4f41ee47911137703d7
  RealmLoginKit: e6b9cd0722b9ab51ee7930e496c6db3654f8e7aa
  TORoundedTableView: 4155565233135d81d6626a0c4ecfba27991cf2b1

PODFILE CHECKSUM: b38f68297708669f31f58c893995f54babdad3fc

COCOAPODS: 1.2.0
