// !$*UTF8*$!
{
	archiveVersion = 1;
	classes = {
	};
	objectVersion = 46;
	objects = {

/* Begin PBXBuildFile section */
		2290FFC21E2FD8E30039DACF /* AppDelegate.m in Sources */ = {isa = PBXBuildFile; fileRef = 2290FFAE1E2FD8E30039DACF /* AppDelegate.m */; };
		2290FFC41E2FD8E30039DACF /* Images.xcassets in Resources */ = {isa = PBXBuildFile; fileRef = 2290FFB21E2FD8E30039DACF /* Images.xcassets */; };
		2290FFC51E2FD8E30039DACF /* main.m in Sources */ = {isa = PBXBuildFile; fileRef = 2290FFB31E2FD8E30039DACF /* main.m */; };
		2290FFC61E2FD8E30039DACF /* DrawPath.m in Sources */ = {isa = PBXBuildFile; fileRef = 2290FFB61E2FD8E30039DACF /* DrawPath.m */; };
		2290FFC71E2FD8E30039DACF /* DrawPoint.m in Sources */ = {isa = PBXBuildFile; fileRef = 2290FFB81E2FD8E30039DACF /* DrawPoint.m */; };
		2290FFC81E2FD8E30039DACF /* UIColor+Realm.m in Sources */ = {isa = PBXBuildFile; fileRef = 2290FFBA1E2FD8E30039DACF /* UIColor+Realm.m */; };
		2290FFC91E2FD8E30039DACF /* CanvasView.m in Sources */ = {isa = PBXBuildFile; fileRef = 2290FFBD1E2FD8E30039DACF /* CanvasView.m */; };
		2290FFCA1E2FD8E30039DACF /* DrawView.m in Sources */ = {isa = PBXBuildFile; fileRef = 2290FFBF1E2FD8E30039DACF /* DrawView.m */; };
		2290FFCB1E2FD8E30039DACF /* SwatchesView.m in Sources */ = {isa = PBXBuildFile; fileRef = 2290FFC11E2FD8E30039DACF /* SwatchesView.m */; };
		22BB76171E8C7B0C00317E4B /* RealmDrawTests.m in Sources */ = {isa = PBXBuildFile; fileRef = 22BB76161E8C7B0C00317E4B /* RealmDrawTests.m */; };
		9C76337939A28C8FC17AAB92 /* Pods_RealmDrawTests.framework in Frameworks */ = {isa = PBXBuildFile; fileRef = 022F0F3C020E00C44BEB7E7B /* Pods_RealmDrawTests.framework */; };
		C894C3DCF1E528FD68E9B9B9 /* Pods_RealmDraw_iOS.framework in Frameworks */ = {isa = PBXBuildFile; fileRef = E8CF06A54A516D4C6AE1A5FE /* Pods_RealmDraw_iOS.framework */; };
/* End PBXBuildFile section */

/* Begin PBXContainerItemProxy section */
		22BB76191E8C7B0C00317E4B /* PBXContainerItemProxy */ = {
			isa = PBXContainerItemProxy;
			containerPortal = 2290FF521E2FD7230039DACF /* Project object */;
			proxyType = 1;
			remoteGlobalIDString = 2290FF591E2FD7230039DACF;
			remoteInfo = "RealmDraw iOS";
		};
/* End PBXContainerItemProxy section */

/* Begin PBXFileReference section */
		022F0F3C020E00C44BEB7E7B /* Pods_RealmDrawTests.framework */ = {isa = PBXFileReference; explicitFileType = wrapper.framework; includeInIndex = 0; path = Pods_RealmDrawTests.framework; sourceTree = BUILT_PRODUCTS_DIR; };
		2290FF5A1E2FD7230039DACF /* RealmDraw iOS.app */ = {isa = PBXFileReference; explicitFileType = wrapper.application; includeInIndex = 0; path = "RealmDraw iOS.app"; sourceTree = BUILT_PRODUCTS_DIR; };
		2290FFAD1E2FD8E30039DACF /* AppDelegate.h */ = {isa = PBXFileReference; fileEncoding = 4; lastKnownFileType = sourcecode.c.h; path = AppDelegate.h; sourceTree = "<group>"; };
		2290FFAE1E2FD8E30039DACF /* AppDelegate.m */ = {isa = PBXFileReference; fileEncoding = 4; lastKnownFileType = sourcecode.c.objc; path = AppDelegate.m; sourceTree = "<group>"; };
		2290FFB01E2FD8E30039DACF /* Draw-Info.plist */ = {isa = PBXFileReference; fileEncoding = 4; lastKnownFileType = text.plist.xml; path = "Draw-Info.plist"; sourceTree = "<group>"; };
		2290FFB21E2FD8E30039DACF /* Images.xcassets */ = {isa = PBXFileReference; lastKnownFileType = folder.assetcatalog; path = Images.xcassets; sourceTree = "<group>"; };
		2290FFB31E2FD8E30039DACF /* main.m */ = {isa = PBXFileReference; fileEncoding = 4; lastKnownFileType = sourcecode.c.objc; path = main.m; sourceTree = "<group>"; };
		2290FFB51E2FD8E30039DACF /* DrawPath.h */ = {isa = PBXFileReference; fileEncoding = 4; lastKnownFileType = sourcecode.c.h; path = DrawPath.h; sourceTree = "<group>"; };
		2290FFB61E2FD8E30039DACF /* DrawPath.m */ = {isa = PBXFileReference; fileEncoding = 4; lastKnownFileType = sourcecode.c.objc; path = DrawPath.m; sourceTree = "<group>"; };
		2290FFB71E2FD8E30039DACF /* DrawPoint.h */ = {isa = PBXFileReference; fileEncoding = 4; lastKnownFileType = sourcecode.c.h; path = DrawPoint.h; sourceTree = "<group>"; };
		2290FFB81E2FD8E30039DACF /* DrawPoint.m */ = {isa = PBXFileReference; fileEncoding = 4; lastKnownFileType = sourcecode.c.objc; path = DrawPoint.m; sourceTree = "<group>"; };
		2290FFB91E2FD8E30039DACF /* UIColor+Realm.h */ = {isa = PBXFileReference; fileEncoding = 4; lastKnownFileType = sourcecode.c.h; path = "UIColor+Realm.h"; sourceTree = "<group>"; };
		2290FFBA1E2FD8E30039DACF /* UIColor+Realm.m */ = {isa = PBXFileReference; fileEncoding = 4; lastKnownFileType = sourcecode.c.objc; path = "UIColor+Realm.m"; sourceTree = "<group>"; };
		2290FFBC1E2FD8E30039DACF /* CanvasView.h */ = {isa = PBXFileReference; fileEncoding = 4; lastKnownFileType = sourcecode.c.h; path = CanvasView.h; sourceTree = "<group>"; };
		2290FFBD1E2FD8E30039DACF /* CanvasView.m */ = {isa = PBXFileReference; fileEncoding = 4; lastKnownFileType = sourcecode.c.objc; path = CanvasView.m; sourceTree = "<group>"; };
		2290FFBE1E2FD8E30039DACF /* DrawView.h */ = {isa = PBXFileReference; fileEncoding = 4; lastKnownFileType = sourcecode.c.h; path = DrawView.h; sourceTree = "<group>"; };
		2290FFBF1E2FD8E30039DACF /* DrawView.m */ = {isa = PBXFileReference; fileEncoding = 4; lastKnownFileType = sourcecode.c.objc; path = DrawView.m; sourceTree = "<group>"; };
		2290FFC01E2FD8E30039DACF /* SwatchesView.h */ = {isa = PBXFileReference; fileEncoding = 4; lastKnownFileType = sourcecode.c.h; path = SwatchesView.h; sourceTree = "<group>"; };
		2290FFC11E2FD8E30039DACF /* SwatchesView.m */ = {isa = PBXFileReference; fileEncoding = 4; lastKnownFileType = sourcecode.c.objc; path = SwatchesView.m; sourceTree = "<group>"; };
		22BB76141E8C7B0B00317E4B /* RealmDrawTests.xctest */ = {isa = PBXFileReference; explicitFileType = wrapper.cfbundle; includeInIndex = 0; path = RealmDrawTests.xctest; sourceTree = BUILT_PRODUCTS_DIR; };
		22BB76161E8C7B0C00317E4B /* RealmDrawTests.m */ = {isa = PBXFileReference; lastKnownFileType = sourcecode.c.objc; path = RealmDrawTests.m; sourceTree = "<group>"; };
		22BB76181E8C7B0C00317E4B /* Info.plist */ = {isa = PBXFileReference; lastKnownFileType = text.plist.xml; path = Info.plist; sourceTree = "<group>"; };
		28163A59F031AA27BCE52FE4 /* Pods-RealmDraw iOS.release.xcconfig */ = {isa = PBXFileReference; includeInIndex = 1; lastKnownFileType = text.xcconfig; name = "Pods-RealmDraw iOS.release.xcconfig"; path = "Pods/Target Support Files/Pods-RealmDraw iOS/Pods-RealmDraw iOS.release.xcconfig"; sourceTree = "<group>"; };
		3F7A9E90AA79B700F6426DDF /* Pods-RealmDrawTests.debug.xcconfig */ = {isa = PBXFileReference; includeInIndex = 1; lastKnownFileType = text.xcconfig; name = "Pods-RealmDrawTests.debug.xcconfig"; path = "Pods/Target Support Files/Pods-RealmDrawTests/Pods-RealmDrawTests.debug.xcconfig"; sourceTree = "<group>"; };
		9CA1560200F93E9FAF20FA34 /* Pods-RealmDraw iOS.debug.xcconfig */ = {isa = PBXFileReference; includeInIndex = 1; lastKnownFileType = text.xcconfig; name = "Pods-RealmDraw iOS.debug.xcconfig"; path = "Pods/Target Support Files/Pods-RealmDraw iOS/Pods-RealmDraw iOS.debug.xcconfig"; sourceTree = "<group>"; };
		D8387B7AF2EA7DD5F0E449DD /* Pods-RealmDrawTests.release.xcconfig */ = {isa = PBXFileReference; includeInIndex = 1; lastKnownFileType = text.xcconfig; name = "Pods-RealmDrawTests.release.xcconfig"; path = "Pods/Target Support Files/Pods-RealmDrawTests/Pods-RealmDrawTests.release.xcconfig"; sourceTree = "<group>"; };
		E8CF06A54A516D4C6AE1A5FE /* Pods_RealmDraw_iOS.framework */ = {isa = PBXFileReference; explicitFileType = wrapper.framework; includeInIndex = 0; path = Pods_RealmDraw_iOS.framework; sourceTree = BUILT_PRODUCTS_DIR; };
/* End PBXFileReference section */

/* Begin PBXFrameworksBuildPhase section */
		2290FF571E2FD7230039DACF /* Frameworks */ = {
			isa = PBXFrameworksBuildPhase;
			buildActionMask = 2147483647;
			files = (
				C894C3DCF1E528FD68E9B9B9 /* Pods_RealmDraw_iOS.framework in Frameworks */,
			);
			runOnlyForDeploymentPostprocessing = 0;
		};
		22BB76111E8C7B0B00317E4B /* Frameworks */ = {
			isa = PBXFrameworksBuildPhase;
			buildActionMask = 2147483647;
			files = (
				9C76337939A28C8FC17AAB92 /* Pods_RealmDrawTests.framework in Frameworks */,
			);
			runOnlyForDeploymentPostprocessing = 0;
		};
/* End PBXFrameworksBuildPhase section */

/* Begin PBXGroup section */
		2290FF511E2FD7230039DACF = {
			isa = PBXGroup;
			children = (
				2290FF901E2FD83C0039DACF /* RealmDraw iOS */,
				22BB76151E8C7B0C00317E4B /* RealmDrawTests */,
				2290FF5B1E2FD7230039DACF /* Products */,
				C4117E3AC1DE3684871B5DA3 /* Pods */,
				9A8135A70906621D0891CE15 /* Frameworks */,
			);
			sourceTree = "<group>";
		};
		2290FF5B1E2FD7230039DACF /* Products */ = {
			isa = PBXGroup;
			children = (
				2290FF5A1E2FD7230039DACF /* RealmDraw iOS.app */,
				22BB76141E8C7B0B00317E4B /* RealmDrawTests.xctest */,
			);
			name = Products;
			sourceTree = "<group>";
		};
		2290FF901E2FD83C0039DACF /* RealmDraw iOS */ = {
			isa = PBXGroup;
			children = (
				2290FFAD1E2FD8E30039DACF /* AppDelegate.h */,
				2290FFAE1E2FD8E30039DACF /* AppDelegate.m */,
				2290FFB01E2FD8E30039DACF /* Draw-Info.plist */,
				2290FFB21E2FD8E30039DACF /* Images.xcassets */,
				2290FFB31E2FD8E30039DACF /* main.m */,
				2290FFB41E2FD8E30039DACF /* Models */,
				2290FFBB1E2FD8E30039DACF /* Views */,
			);
			path = "RealmDraw iOS";
			sourceTree = "<group>";
		};
		2290FFB41E2FD8E30039DACF /* Models */ = {
			isa = PBXGroup;
			children = (
				2290FFB51E2FD8E30039DACF /* DrawPath.h */,
				2290FFB61E2FD8E30039DACF /* DrawPath.m */,
				2290FFB71E2FD8E30039DACF /* DrawPoint.h */,
				2290FFB81E2FD8E30039DACF /* DrawPoint.m */,
				2290FFB91E2FD8E30039DACF /* UIColor+Realm.h */,
				2290FFBA1E2FD8E30039DACF /* UIColor+Realm.m */,
			);
			path = Models;
			sourceTree = "<group>";
		};
		2290FFBB1E2FD8E30039DACF /* Views */ = {
			isa = PBXGroup;
			children = (
				2290FFBC1E2FD8E30039DACF /* CanvasView.h */,
				2290FFBD1E2FD8E30039DACF /* CanvasView.m */,
				2290FFBE1E2FD8E30039DACF /* DrawView.h */,
				2290FFBF1E2FD8E30039DACF /* DrawView.m */,
				2290FFC01E2FD8E30039DACF /* SwatchesView.h */,
				2290FFC11E2FD8E30039DACF /* SwatchesView.m */,
			);
			path = Views;
			sourceTree = "<group>";
		};
		22BB76151E8C7B0C00317E4B /* RealmDrawTests */ = {
			isa = PBXGroup;
			children = (
				22BB76161E8C7B0C00317E4B /* RealmDrawTests.m */,
				22BB76181E8C7B0C00317E4B /* Info.plist */,
			);
			path = RealmDrawTests;
			sourceTree = "<group>";
		};
		9A8135A70906621D0891CE15 /* Frameworks */ = {
			isa = PBXGroup;
			children = (
				E8CF06A54A516D4C6AE1A5FE /* Pods_RealmDraw_iOS.framework */,
				022F0F3C020E00C44BEB7E7B /* Pods_RealmDrawTests.framework */,
			);
			name = Frameworks;
			sourceTree = "<group>";
		};
		C4117E3AC1DE3684871B5DA3 /* Pods */ = {
			isa = PBXGroup;
			children = (
				9CA1560200F93E9FAF20FA34 /* Pods-RealmDraw iOS.debug.xcconfig */,
				28163A59F031AA27BCE52FE4 /* Pods-RealmDraw iOS.release.xcconfig */,
				3F7A9E90AA79B700F6426DDF /* Pods-RealmDrawTests.debug.xcconfig */,
				D8387B7AF2EA7DD5F0E449DD /* Pods-RealmDrawTests.release.xcconfig */,
			);
			name = Pods;
			sourceTree = "<group>";
		};
/* End PBXGroup section */

/* Begin PBXNativeTarget section */
		2290FF591E2FD7230039DACF /* RealmDraw iOS */ = {
			isa = PBXNativeTarget;
			buildConfigurationList = 2290FF871E2FD7230039DACF /* Build configuration list for PBXNativeTarget "RealmDraw iOS" */;
			buildPhases = (
				6E872CB4A289A4942E679B27 /* [CP] Check Pods Manifest.lock */,
				2290FF561E2FD7230039DACF /* Sources */,
				2290FF571E2FD7230039DACF /* Frameworks */,
				2290FF581E2FD7230039DACF /* Resources */,
				DCB48CDC22CD930AB5810776 /* [CP] Embed Pods Frameworks */,
				86C8B5E3BA3C5A77218998F3 /* [CP] Copy Pods Resources */,
			);
			buildRules = (
			);
			dependencies = (
			);
			name = "RealmDraw iOS";
			productName = RealmDraw;
			productReference = 2290FF5A1E2FD7230039DACF /* RealmDraw iOS.app */;
			productType = "com.apple.product-type.application";
		};
		22BB76131E8C7B0B00317E4B /* RealmDrawTests */ = {
			isa = PBXNativeTarget;
			buildConfigurationList = 22BB761D1E8C7B0C00317E4B /* Build configuration list for PBXNativeTarget "RealmDrawTests" */;
			buildPhases = (
				47335FEED2BC5F6D62D50A11 /* [CP] Check Pods Manifest.lock */,
				22BB76101E8C7B0B00317E4B /* Sources */,
				22BB76111E8C7B0B00317E4B /* Frameworks */,
				22BB76121E8C7B0B00317E4B /* Resources */,
				D98E0AC99482B4630AA776A9 /* [CP] Embed Pods Frameworks */,
				F02C5B6E6B9D1CA400D778B0 /* [CP] Copy Pods Resources */,
			);
			buildRules = (
			);
			dependencies = (
				22BB761A1E8C7B0C00317E4B /* PBXTargetDependency */,
			);
			name = RealmDrawTests;
			productName = RealmDrawTests;
			productReference = 22BB76141E8C7B0B00317E4B /* RealmDrawTests.xctest */;
			productType = "com.apple.product-type.bundle.unit-test";
		};
/* End PBXNativeTarget section */

/* Begin PBXProject section */
		2290FF521E2FD7230039DACF /* Project object */ = {
			isa = PBXProject;
			attributes = {
				LastUpgradeCheck = 0830;
				ORGANIZATIONNAME = Realm;
				TargetAttributes = {
					2290FF591E2FD7230039DACF = {
						CreatedOnToolsVersion = 8.2;
						ProvisioningStyle = Automatic;
					};
					22BB76131E8C7B0B00317E4B = {
						CreatedOnToolsVersion = 8.3;
						DevelopmentTeam = QX5CR2FTN2;
						ProvisioningStyle = Automatic;
						TestTargetID = 2290FF591E2FD7230039DACF;
					};
				};
			};
			buildConfigurationList = 2290FF551E2FD7230039DACF /* Build configuration list for PBXProject "RealmDraw" */;
			compatibilityVersion = "Xcode 3.2";
			developmentRegion = English;
			hasScannedForEncodings = 0;
			knownRegions = (
				en,
				Base,
			);
			mainGroup = 2290FF511E2FD7230039DACF;
			productRefGroup = 2290FF5B1E2FD7230039DACF /* Products */;
			projectDirPath = "";
			projectRoot = "";
			targets = (
				2290FF591E2FD7230039DACF /* RealmDraw iOS */,
				22BB76131E8C7B0B00317E4B /* RealmDrawTests */,
			);
		};
/* End PBXProject section */

/* Begin PBXResourcesBuildPhase section */
		2290FF581E2FD7230039DACF /* Resources */ = {
			isa = PBXResourcesBuildPhase;
			buildActionMask = 2147483647;
			files = (
				2290FFC41E2FD8E30039DACF /* Images.xcassets in Resources */,
			);
			runOnlyForDeploymentPostprocessing = 0;
		};
		22BB76121E8C7B0B00317E4B /* Resources */ = {
			isa = PBXResourcesBuildPhase;
			buildActionMask = 2147483647;
			files = (
			);
			runOnlyForDeploymentPostprocessing = 0;
		};
/* End PBXResourcesBuildPhase section */

/* Begin PBXShellScriptBuildPhase section */
		47335FEED2BC5F6D62D50A11 /* [CP] Check Pods Manifest.lock */ = {
			isa = PBXShellScriptBuildPhase;
			buildActionMask = 2147483647;
			files = (
			);
			inputPaths = (
				"${PODS_PODFILE_DIR_PATH}/Podfile.lock",
				"${PODS_ROOT}/Manifest.lock",
			);
			name = "[CP] Check Pods Manifest.lock";
			outputPaths = (
				"$(DERIVED_FILE_DIR)/Pods-RealmDrawTests-checkManifestLockResult.txt",
			);
			runOnlyForDeploymentPostprocessing = 0;
			shellPath = /bin/sh;
			shellScript = "diff \"${PODS_PODFILE_DIR_PATH}/Podfile.lock\" \"${PODS_ROOT}/Manifest.lock\" > /dev/null\nif [ $? != 0 ] ; then\n    # print error to STDERR\n    echo \"error: The sandbox is not in sync with the Podfile.lock. Run 'pod install' or update your CocoaPods installation.\" >&2\n    exit 1\nfi\n# This output is used by Xcode 'outputs' to avoid re-running this script phase.\necho \"SUCCESS\" > \"${SCRIPT_OUTPUT_FILE_0}\"\n";
			showEnvVarsInLog = 0;
		};
		6E872CB4A289A4942E679B27 /* [CP] Check Pods Manifest.lock */ = {
			isa = PBXShellScriptBuildPhase;
			buildActionMask = 2147483647;
			files = (
			);
			inputPaths = (
				"${PODS_PODFILE_DIR_PATH}/Podfile.lock",
				"${PODS_ROOT}/Manifest.lock",
			);
			name = "[CP] Check Pods Manifest.lock";
			outputPaths = (
				"$(DERIVED_FILE_DIR)/Pods-RealmDraw iOS-checkManifestLockResult.txt",
			);
			runOnlyForDeploymentPostprocessing = 0;
			shellPath = /bin/sh;
			shellScript = "diff \"${PODS_PODFILE_DIR_PATH}/Podfile.lock\" \"${PODS_ROOT}/Manifest.lock\" > /dev/null\nif [ $? != 0 ] ; then\n    # print error to STDERR\n    echo \"error: The sandbox is not in sync with the Podfile.lock. Run 'pod install' or update your CocoaPods installation.\" >&2\n    exit 1\nfi\n# This output is used by Xcode 'outputs' to avoid re-running this script phase.\necho \"SUCCESS\" > \"${SCRIPT_OUTPUT_FILE_0}\"\n";
			showEnvVarsInLog = 0;
		};
		86C8B5E3BA3C5A77218998F3 /* [CP] Copy Pods Resources */ = {
			isa = PBXShellScriptBuildPhase;
			buildActionMask = 2147483647;
			files = (
			);
			inputPaths = (
			);
			name = "[CP] Copy Pods Resources";
			outputPaths = (
			);
			runOnlyForDeploymentPostprocessing = 0;
			shellPath = /bin/sh;
			shellScript = "\"${SRCROOT}/Pods/Target Support Files/Pods-RealmDraw iOS/Pods-RealmDraw iOS-resources.sh\"\n";
			showEnvVarsInLog = 0;
		};
		D98E0AC99482B4630AA776A9 /* [CP] Embed Pods Frameworks */ = {
			isa = PBXShellScriptBuildPhase;
			buildActionMask = 2147483647;
			files = (
			);
			inputPaths = (
				"${SRCROOT}/Pods/Target Support Files/Pods-RealmDrawTests/Pods-RealmDrawTests-frameworks.sh",
				"${BUILT_PRODUCTS_DIR}/Realm-iOS10.3/Realm.framework",
				"${BUILT_PRODUCTS_DIR}/RealmLoginKit-iOS10.3/RealmLoginKit.framework",
				"${BUILT_PRODUCTS_DIR}/RealmSwift-iOS10.3/RealmSwift.framework",
				"${BUILT_PRODUCTS_DIR}/TORoundedTableView-iOS10.3/TORoundedTableView.framework",
			);
			name = "[CP] Embed Pods Frameworks";
			outputPaths = (
				"${TARGET_BUILD_DIR}/${FRAMEWORKS_FOLDER_PATH}/Realm.framework",
				"${TARGET_BUILD_DIR}/${FRAMEWORKS_FOLDER_PATH}/RealmLoginKit.framework",
				"${TARGET_BUILD_DIR}/${FRAMEWORKS_FOLDER_PATH}/RealmSwift.framework",
				"${TARGET_BUILD_DIR}/${FRAMEWORKS_FOLDER_PATH}/TORoundedTableView.framework",
			);
			runOnlyForDeploymentPostprocessing = 0;
			shellPath = /bin/sh;
			shellScript = "\"${SRCROOT}/Pods/Target Support Files/Pods-RealmDrawTests/Pods-RealmDrawTests-frameworks.sh\"\n";
			showEnvVarsInLog = 0;
		};
		DCB48CDC22CD930AB5810776 /* [CP] Embed Pods Frameworks */ = {
			isa = PBXShellScriptBuildPhase;
			buildActionMask = 2147483647;
			files = (
			);
			inputPaths = (
				"${SRCROOT}/Pods/Target Support Files/Pods-RealmDraw iOS/Pods-RealmDraw iOS-frameworks.sh",
				"${BUILT_PRODUCTS_DIR}/Realm-iOS9.0/Realm.framework",
				"${BUILT_PRODUCTS_DIR}/RealmLoginKit-iOS9.0/RealmLoginKit.framework",
				"${BUILT_PRODUCTS_DIR}/RealmSwift-iOS9.0/RealmSwift.framework",
				"${BUILT_PRODUCTS_DIR}/TORoundedTableView-iOS9.0/TORoundedTableView.framework",
			);
			name = "[CP] Embed Pods Frameworks";
			outputPaths = (
				"${TARGET_BUILD_DIR}/${FRAMEWORKS_FOLDER_PATH}/Realm.framework",
				"${TARGET_BUILD_DIR}/${FRAMEWORKS_FOLDER_PATH}/RealmLoginKit.framework",
				"${TARGET_BUILD_DIR}/${FRAMEWORKS_FOLDER_PATH}/RealmSwift.framework",
				"${TARGET_BUILD_DIR}/${FRAMEWORKS_FOLDER_PATH}/TORoundedTableView.framework",
			);
			runOnlyForDeploymentPostprocessing = 0;
			shellPath = /bin/sh;
			shellScript = "\"${SRCROOT}/Pods/Target Support Files/Pods-RealmDraw iOS/Pods-RealmDraw iOS-frameworks.sh\"\n";
			showEnvVarsInLog = 0;
		};
		F02C5B6E6B9D1CA400D778B0 /* [CP] Copy Pods Resources */ = {
			isa = PBXShellScriptBuildPhase;
			buildActionMask = 2147483647;
			files = (
			);
			inputPaths = (
			);
			name = "[CP] Copy Pods Resources";
			outputPaths = (
			);
			runOnlyForDeploymentPostprocessing = 0;
			shellPath = /bin/sh;
			shellScript = "\"${SRCROOT}/Pods/Target Support Files/Pods-RealmDrawTests/Pods-RealmDrawTests-resources.sh\"\n";
			showEnvVarsInLog = 0;
		};
/* End PBXShellScriptBuildPhase section */

/* Begin PBXSourcesBuildPhase section */
		2290FF561E2FD7230039DACF /* Sources */ = {
			isa = PBXSourcesBuildPhase;
			buildActionMask = 2147483647;
			files = (
				2290FFC51E2FD8E30039DACF /* main.m in Sources */,
				2290FFC81E2FD8E30039DACF /* UIColor+Realm.m in Sources */,
				2290FFC91E2FD8E30039DACF /* CanvasView.m in Sources */,
				2290FFC61E2FD8E30039DACF /* DrawPath.m in Sources */,
				2290FFCA1E2FD8E30039DACF /* DrawView.m in Sources */,
				2290FFC71E2FD8E30039DACF /* DrawPoint.m in Sources */,
				2290FFCB1E2FD8E30039DACF /* SwatchesView.m in Sources */,
				2290FFC21E2FD8E30039DACF /* AppDelegate.m in Sources */,
			);
			runOnlyForDeploymentPostprocessing = 0;
		};
		22BB76101E8C7B0B00317E4B /* Sources */ = {
			isa = PBXSourcesBuildPhase;
			buildActionMask = 2147483647;
			files = (
				22BB76171E8C7B0C00317E4B /* RealmDrawTests.m in Sources */,
			);
			runOnlyForDeploymentPostprocessing = 0;
		};
/* End PBXSourcesBuildPhase section */

/* Begin PBXTargetDependency section */
		22BB761A1E8C7B0C00317E4B /* PBXTargetDependency */ = {
			isa = PBXTargetDependency;
			target = 2290FF591E2FD7230039DACF /* RealmDraw iOS */;
			targetProxy = 22BB76191E8C7B0C00317E4B /* PBXContainerItemProxy */;
		};
/* End PBXTargetDependency section */

/* Begin XCBuildConfiguration section */
		2290FF851E2FD7230039DACF /* Debug */ = {
			isa = XCBuildConfiguration;
			buildSettings = {
				ALWAYS_SEARCH_USER_PATHS = NO;
				CLANG_ANALYZER_NONNULL = YES;
				CLANG_CXX_LANGUAGE_STANDARD = "gnu++0x";
				CLANG_CXX_LIBRARY = "libc++";
				CLANG_ENABLE_MODULES = YES;
				CLANG_ENABLE_OBJC_ARC = YES;
				CLANG_WARN_BOOL_CONVERSION = YES;
				CLANG_WARN_CONSTANT_CONVERSION = YES;
				CLANG_WARN_DIRECT_OBJC_ISA_USAGE = YES_ERROR;
				CLANG_WARN_DOCUMENTATION_COMMENTS = YES;
				CLANG_WARN_EMPTY_BODY = YES;
				CLANG_WARN_ENUM_CONVERSION = YES;
				CLANG_WARN_INFINITE_RECURSION = YES;
				CLANG_WARN_INT_CONVERSION = YES;
				CLANG_WARN_OBJC_ROOT_CLASS = YES_ERROR;
				CLANG_WARN_SUSPICIOUS_MOVE = YES;
				CLANG_WARN_UNREACHABLE_CODE = YES;
				CLANG_WARN__DUPLICATE_METHOD_MATCH = YES;
				"CODE_SIGN_IDENTITY[sdk=iphoneos*]" = "iPhone Developer";
				COPY_PHASE_STRIP = NO;
				DEBUG_INFORMATION_FORMAT = dwarf;
				ENABLE_STRICT_OBJC_MSGSEND = YES;
				ENABLE_TESTABILITY = YES;
				GCC_C_LANGUAGE_STANDARD = gnu99;
				GCC_DYNAMIC_NO_PIC = NO;
				GCC_NO_COMMON_BLOCKS = YES;
				GCC_OPTIMIZATION_LEVEL = 0;
				GCC_PREPROCESSOR_DEFINITIONS = (
					"DEBUG=1",
					"$(inherited)",
				);
				GCC_WARN_64_TO_32_BIT_CONVERSION = YES;
				GCC_WARN_ABOUT_RETURN_TYPE = YES_ERROR;
				GCC_WARN_UNDECLARED_SELECTOR = YES;
				GCC_WARN_UNINITIALIZED_AUTOS = YES_AGGRESSIVE;
				GCC_WARN_UNUSED_FUNCTION = YES;
				GCC_WARN_UNUSED_VARIABLE = YES;
				IPHONEOS_DEPLOYMENT_TARGET = 9.0;
				MTL_ENABLE_DEBUG_INFO = YES;
				ONLY_ACTIVE_ARCH = YES;
				SDKROOT = iphoneos;
				TARGETED_DEVICE_FAMILY = "1,2";
			};
			name = Debug;
		};
		2290FF861E2FD7230039DACF /* Release */ = {
			isa = XCBuildConfiguration;
			buildSettings = {
				ALWAYS_SEARCH_USER_PATHS = NO;
				CLANG_ANALYZER_NONNULL = YES;
				CLANG_CXX_LANGUAGE_STANDARD = "gnu++0x";
				CLANG_CXX_LIBRARY = "libc++";
				CLANG_ENABLE_MODULES = YES;
				CLANG_ENABLE_OBJC_ARC = YES;
				CLANG_WARN_BOOL_CONVERSION = YES;
				CLANG_WARN_CONSTANT_CONVERSION = YES;
				CLANG_WARN_DIRECT_OBJC_ISA_USAGE = YES_ERROR;
				CLANG_WARN_DOCUMENTATION_COMMENTS = YES;
				CLANG_WARN_EMPTY_BODY = YES;
				CLANG_WARN_ENUM_CONVERSION = YES;
				CLANG_WARN_INFINITE_RECURSION = YES;
				CLANG_WARN_INT_CONVERSION = YES;
				CLANG_WARN_OBJC_ROOT_CLASS = YES_ERROR;
				CLANG_WARN_SUSPICIOUS_MOVE = YES;
				CLANG_WARN_UNREACHABLE_CODE = YES;
				CLANG_WARN__DUPLICATE_METHOD_MATCH = YES;
				"CODE_SIGN_IDENTITY[sdk=iphoneos*]" = "iPhone Developer";
				COPY_PHASE_STRIP = NO;
				DEBUG_INFORMATION_FORMAT = "dwarf-with-dsym";
				ENABLE_NS_ASSERTIONS = NO;
				ENABLE_STRICT_OBJC_MSGSEND = YES;
				GCC_C_LANGUAGE_STANDARD = gnu99;
				GCC_NO_COMMON_BLOCKS = YES;
				GCC_WARN_64_TO_32_BIT_CONVERSION = YES;
				GCC_WARN_ABOUT_RETURN_TYPE = YES_ERROR;
				GCC_WARN_UNDECLARED_SELECTOR = YES;
				GCC_WARN_UNINITIALIZED_AUTOS = YES_AGGRESSIVE;
				GCC_WARN_UNUSED_FUNCTION = YES;
				GCC_WARN_UNUSED_VARIABLE = YES;
				IPHONEOS_DEPLOYMENT_TARGET = 9.0;
				MTL_ENABLE_DEBUG_INFO = NO;
				SDKROOT = iphoneos;
				TARGETED_DEVICE_FAMILY = "1,2";
				VALIDATE_PRODUCT = YES;
			};
			name = Release;
		};
		2290FF881E2FD7230039DACF /* Debug */ = {
			isa = XCBuildConfiguration;
			baseConfigurationReference = 9CA1560200F93E9FAF20FA34 /* Pods-RealmDraw iOS.debug.xcconfig */;
			buildSettings = {
				ALWAYS_EMBED_SWIFT_STANDARD_LIBRARIES = YES;
				ASSETCATALOG_COMPILER_APPICON_NAME = AppIcon;
				DEVELOPMENT_TEAM = "";
				INFOPLIST_FILE = "$(SRCROOT)/RealmDraw iOS/Draw-Info.plist";
				LD_RUNPATH_SEARCH_PATHS = "$(inherited) @executable_path/Frameworks";
				PRODUCT_BUNDLE_IDENTIFIER = io.realm.RealmDraw;
				PRODUCT_NAME = "$(TARGET_NAME)";
			};
			name = Debug;
		};
		2290FF891E2FD7230039DACF /* Release */ = {
			isa = XCBuildConfiguration;
			baseConfigurationReference = 28163A59F031AA27BCE52FE4 /* Pods-RealmDraw iOS.release.xcconfig */;
			buildSettings = {
				ALWAYS_EMBED_SWIFT_STANDARD_LIBRARIES = YES;
				ASSETCATALOG_COMPILER_APPICON_NAME = AppIcon;
				DEVELOPMENT_TEAM = "";
				INFOPLIST_FILE = "$(SRCROOT)/RealmDraw iOS/Draw-Info.plist";
				LD_RUNPATH_SEARCH_PATHS = "$(inherited) @executable_path/Frameworks";
				PRODUCT_BUNDLE_IDENTIFIER = io.realm.RealmDraw;
				PRODUCT_NAME = "$(TARGET_NAME)";
			};
			name = Release;
		};
		22BB761B1E8C7B0C00317E4B /* Debug */ = {
			isa = XCBuildConfiguration;
			baseConfigurationReference = 3F7A9E90AA79B700F6426DDF /* Pods-RealmDrawTests.debug.xcconfig */;
			buildSettings = {
				ALWAYS_EMBED_SWIFT_STANDARD_LIBRARIES = YES;
				BUNDLE_LOADER = "$(TEST_HOST)";
				CLANG_ANALYZER_NUMBER_OBJECT_CONVERSION = YES_AGGRESSIVE;
				DEVELOPMENT_TEAM = QX5CR2FTN2;
				INFOPLIST_FILE = RealmDrawTests/Info.plist;
				IPHONEOS_DEPLOYMENT_TARGET = 10.3;
				LD_RUNPATH_SEARCH_PATHS = "$(inherited) @executable_path/Frameworks @loader_path/Frameworks";
				PRODUCT_BUNDLE_IDENTIFIER = io.realm.RealmDrawTests;
				PRODUCT_NAME = "$(TARGET_NAME)";
				TEST_HOST = "$(BUILT_PRODUCTS_DIR)/RealmDraw iOS.app/RealmDraw iOS";
			};
			name = Debug;
		};
		22BB761C1E8C7B0C00317E4B /* Release */ = {
			isa = XCBuildConfiguration;
			baseConfigurationReference = D8387B7AF2EA7DD5F0E449DD /* Pods-RealmDrawTests.release.xcconfig */;
			buildSettings = {
				ALWAYS_EMBED_SWIFT_STANDARD_LIBRARIES = YES;
				BUNDLE_LOADER = "$(TEST_HOST)";
				CLANG_ANALYZER_NUMBER_OBJECT_CONVERSION = YES_AGGRESSIVE;
				DEVELOPMENT_TEAM = QX5CR2FTN2;
				INFOPLIST_FILE = RealmDrawTests/Info.plist;
				IPHONEOS_DEPLOYMENT_TARGET = 10.3;
				LD_RUNPATH_SEARCH_PATHS = "$(inherited) @executable_path/Frameworks @loader_path/Frameworks";
				PRODUCT_BUNDLE_IDENTIFIER = io.realm.RealmDrawTests;
				PRODUCT_NAME = "$(TARGET_NAME)";
				TEST_HOST = "$(BUILT_PRODUCTS_DIR)/RealmDraw iOS.app/RealmDraw iOS";
			};
			name = Release;
		};
/* End XCBuildConfiguration section */

/* Begin XCConfigurationList section */
		2290FF551E2FD7230039DACF /* Build configuration list for PBXProject "RealmDraw" */ = {
			isa = XCConfigurationList;
			buildConfigurations = (
				2290FF851E2FD7230039DACF /* Debug */,
				2290FF861E2FD7230039DACF /* Release */,
			);
			defaultConfigurationIsVisible = 0;
			defaultConfigurationName = Release;
		};
		2290FF871E2FD7230039DACF /* Build configuration list for PBXNativeTarget "RealmDraw iOS" */ = {
			isa = XCConfigurationList;
			buildConfigurations = (
				2290FF881E2FD7230039DACF /* Debug */,
				2290FF891E2FD7230039DACF /* Release */,
			);
			defaultConfigurationIsVisible = 0;
			defaultConfigurationName = Release;
		};
		22BB761D1E8C7B0C00317E4B /* Build configuration list for PBXNativeTarget "RealmDrawTests" */ = {
			isa = XCConfigurationList;
			buildConfigurations = (
				22BB761B1E8C7B0C00317E4B /* Debug */,
				22BB761C1E8C7B0C00317E4B /* Release */,
			);
			defaultConfigurationIsVisible = 0;
			defaultConfigurationName = Release;
		};
/* End XCConfigurationList section */
	};
	rootObject = 2290FF521E2FD7230039DACF /* Project object */;
}
